
Microsoft Visual Studio Solution File, Format Version 12.00
# Visual Studio Version 17
VisualStudioVersion = 17.3.32929.385
MinimumVisualStudioVersion = 10.0.40219.1
Project("{8BC9CEB8-8B4A-11D0-8D11-00A0C91BC942}") = "base", "base\base.vcxproj", "{BA4B9465-7E9F-4F15-9C31-923EB19C525E}"
EndProject
Project("{8BC9CEB8-8B4A-11D0-8D11-00A0C91BC942}") = "Test", "Test\Test.vcxproj", "{940EA953-2056-4790-830B-F98B8F4F8494}"
	ProjectSection(ProjectDependencies) = postProject
		{BA4B9465-7E9F-4F15-9C31-923EB19C525E} = {BA4B9465-7E9F-4F15-9C31-923EB19C525E}
	EndProjectSection
EndProject
Project("{8BC9CEB8-8B4A-11D0-8D11-00A0C91BC942}") = "Test_PBR", "Test_PBR\Test_PBR.vcxproj", "{93202C45-0DFF-4D8F-BFD4-B0826996569E}"
	ProjectSection(ProjectDependencies) = postProject
		{BA4B9465-7E9F-4F15-9C31-923EB19C525E} = {BA4B9465-7E9F-4F15-9C31-923EB19C525E}
	EndProjectSection
EndProject
Project("{8BC9CEB8-8B4A-11D0-8D11-00A0C91BC942}") = "Test_TinyTriangles", "Test_TinyTriangles\Test_TinyTriangles.vcxproj", "{77AEFFBC-A1A1-47B6-9BAC-72EA22E3D8C6}"
	ProjectSection(ProjectDependencies) = postProject
		{BA4B9465-7E9F-4F15-9C31-923EB19C525E} = {BA4B9465-7E9F-4F15-9C31-923EB19C525E}
	EndProjectSection
EndProject
Global
	GlobalSection(SolutionConfigurationPlatforms) = preSolution
		Debug|x64 = Debug|x64
		Debug|x86 = Debug|x86
		Release|x64 = Release|x64
		Release|x86 = Release|x86
	EndGlobalSection
	GlobalSection(ProjectConfigurationPlatforms) = postSolution
		{BA4B9465-7E9F-4F15-9C31-923EB19C525E}.Debug|x64.ActiveCfg = Debug|x64
		{BA4B9465-7E9F-4F15-9C31-923EB19C525E}.Debug|x64.Build.0 = Debug|x64
		{BA4B9465-7E9F-4F15-9C31-923EB19C525E}.Debug|x86.ActiveCfg = Debug|Win32
		{BA4B9465-7E9F-4F15-9C31-923EB19C525E}.Debug|x86.Build.0 = Debug|Win32
		{BA4B9465-7E9F-4F15-9C31-923EB19C525E}.Release|x64.ActiveCfg = Release|x64
		{BA4B9465-7E9F-4F15-9C31-923EB19C525E}.Release|x64.Build.0 = Release|x64
		{BA4B9465-7E9F-4F15-9C31-923EB19C525E}.Release|x86.ActiveCfg = Release|Win32
		{BA4B9465-7E9F-4F15-9C31-923EB19C525E}.Release|x86.Build.0 = Release|Win32
		{940EA953-2056-4790-830B-F98B8F4F8494}.Debug|x64.ActiveCfg = Debug|x64
		{940EA953-2056-4790-830B-F98B8F4F8494}.Debug|x64.Build.0 = Debug|x64
		{940EA953-2056-4790-830B-F98B8F4F8494}.Debug|x86.ActiveCfg = Debug|Win32
		{940EA953-2056-4790-830B-F98B8F4F8494}.Debug|x86.Build.0 = Debug|Win32
		{940EA953-2056-4790-830B-F98B8F4F8494}.Release|x64.ActiveCfg = Release|x64
		{940EA953-2056-4790-830B-F98B8F4F8494}.Release|x64.Build.0 = Release|x64
		{940EA953-2056-4790-830B-F98B8F4F8494}.Release|x86.ActiveCfg = Release|Win32
		{940EA953-2056-4790-830B-F98B8F4F8494}.Release|x86.Build.0 = Release|Win32
		{93202C45-0DFF-4D8F-BFD4-B0826996569E}.Debug|x64.ActiveCfg = Debug|x64
		{93202C45-0DFF-4D8F-BFD4-B0826996569E}.Debug|x64.Build.0 = Debug|x64
		{93202C45-0DFF-4D8F-BFD4-B0826996569E}.Debug|x86.ActiveCfg = Debug|Win32
		{93202C45-0DFF-4D8F-BFD4-B0826996569E}.Debug|x86.Build.0 = Debug|Win32
		{93202C45-0DFF-4D8F-BFD4-B0826996569E}.Release|x64.ActiveCfg = Release|x64
		{93202C45-0DFF-4D8F-BFD4-B0826996569E}.Release|x64.Build.0 = Release|x64
		{93202C45-0DFF-4D8F-BFD4-B0826996569E}.Release|x86.ActiveCfg = Release|Win32
		{93202C45-0DFF-4D8F-BFD4-B0826996569E}.Release|x86.Build.0 = Release|Win32
		{77AEFFBC-A1A1-47B6-9BAC-72EA22E3D8C6}.Debug|x64.ActiveCfg = Debug|x64
		{77AEFFBC-A1A1-47B6-9BAC-72EA22E3D8C6}.Debug|x64.Build.0 = Debug|x64
		{77AEFFBC-A1A1-47B6-9BAC-72EA22E3D8C6}.Debug|x86.ActiveCfg = Debug|Win32
		{77AEFFBC-A1A1-47B6-9BAC-72EA22E3D8C6}.Debug|x86.Build.0 = Debug|Win32
		{77AEFFBC-A1A1-47B6-9BAC-72EA22E3D8C6}.Release|x64.ActiveCfg = Release|x64
		{77AEFFBC-A1A1-47B6-9BAC-72EA22E3D8C6}.Release|x64.Build.0 = Release|x64
		{77AEFFBC-A1A1-47B6-9BAC-72EA22E3D8C6}.Release|x86.ActiveCfg = Release|Win32
		{77AEFFBC-A1A1-47B6-9BAC-72EA22E3D8C6}.Release|x86.Build.0 = Release|Win32
	EndGlobalSection
	GlobalSection(SolutionProperties) = preSolution
		HideSolutionNode = FALSE
	EndGlobalSection
	GlobalSection(ExtensibilityGlobals) = postSolution
		SolutionGuid = {F502E9E0-416F-4B41-AB56-2D1941DA82FC}
	EndGlobalSection
EndGlobal
